
Microsoft Visual Studio Solution File, Format Version 12.00
# Visual Studio Version 17
VisualStudioVersion = 17.7.34024.191
MinimumVisualStudioVersion = 10.0.40219.1
Project("{FAE04EC0-301F-11D3-BF4B-00C04F79EFBC}") = "PubTransport_VP", "PubTransport_VP\PubTransport_VP.csproj", "{95744118-9930-4C50-80C5-773ED30CCABB}"
EndProject
Global
	GlobalSection(SolutionConfigurationPlatforms) = preSolution
		Debug|Any CPU = Debug|Any CPU
		Release|Any CPU = Release|Any CPU
	EndGlobalSection
	GlobalSection(ProjectConfigurationPlatforms) = postSolution
		{95744118-9930-4C50-80C5-773ED30CCABB}.Debug|Any CPU.ActiveCfg = Debug|Any CPU
		{95744118-9930-4C50-80C5-773ED30CCABB}.Debug|Any CPU.Build.0 = Debug|Any CPU
		{95744118-9930-4C50-80C5-773ED30CCABB}.Release|Any CPU.ActiveCfg = Release|Any CPU
		{95744118-9930-4C50-80C5-773ED30CCABB}.Release|Any CPU.Build.0 = Release|Any CPU
	EndGlobalSection
	GlobalSection(SolutionProperties) = preSolution
		HideSolutionNode = FALSE
	EndGlobalSection
	GlobalSection(ExtensibilityGlobals) = postSolution
		SolutionGuid = {6DF39679-3626-4C82-A264-E2100699C6D4}
	EndGlobalSection
EndGlobal
